
Microsoft Visual Studio Solution File, Format Version 12.00
# Visual Studio 15
VisualStudioVersion = 15.0.27004.2005
MinimumVisualStudioVersion = 10.0.40219.1
Project("{FAE04EC0-301F-11D3-BF4B-00C04F79EFBC}") = "Client", "Client\Client.csproj", "{F89E094E-1B7E-424F-B808-C77AD2155B5C}"
EndProject
Project("{FAE04EC0-301F-11D3-BF4B-00C04F79EFBC}") = "Logic", "Logic\Logic.csproj", "{DE231F8A-35C7-4E6B-865C-2BA03E3835DF}"
EndProject
Project("{FAE04EC0-301F-11D3-BF4B-00C04F79EFBC}") = "View", "View\View.csproj", "{78C31057-70D3-4A97-AD85-12924A46A39B}"
EndProject
Project("{FAE04EC0-301F-11D3-BF4B-00C04F79EFBC}") = "Client.Editor", "Client.Editor\Client.Editor.csproj", "{5FEF6C85-BE45-400A-8A1D-79051B337D79}"
EndProject
Project("{9A19103F-16F7-4668-BE54-9A1E7A4F7556}") = "Server", "Server\Server.csproj", "{3BCABD0C-F452-4FCD-8CED-625160885D8D}"
EndProject
Project("{2150E333-8FDC-42A3-9474-1A3956D46DE8}") = "ServerGroup", "ServerGroup", "{95C03E10-F5B2-4F0E-A0E3-3FF58AA48DD1}"
EndProject
Project("{9A19103F-16F7-4668-BE54-9A1E7A4F7556}") = "Core", "Core\Core.csproj", "{F2C96343-DC33-49E2-BE35-8A78E043185D}"
EndProject
Project("{FAE04EC0-301F-11D3-BF4B-00C04F79EFBC}") = "SocketTest", "SocketTest\SocketTest.csproj", "{90CCF430-A327-4076-B1D3-7D332E4EC05C}"
EndProject
Project("{FAE04EC0-301F-11D3-BF4B-00C04F79EFBC}") = "Protocol", "Protocol\Protocol.csproj", "{85EB3F0A-3E62-4C79-9E3D-46E29E8F31EE}"
EndProject
Global
	GlobalSection(SolutionConfigurationPlatforms) = preSolution
		Debug|Any CPU = Debug|Any CPU
		Debug|x64 = Debug|x64
		Debug|x86 = Debug|x86
		Release|Any CPU = Release|Any CPU
		Release|x64 = Release|x64
		Release|x86 = Release|x86
	EndGlobalSection
	GlobalSection(ProjectConfigurationPlatforms) = postSolution
		{F89E094E-1B7E-424F-B808-C77AD2155B5C}.Debug|Any CPU.ActiveCfg = Debug|Any CPU
		{F89E094E-1B7E-424F-B808-C77AD2155B5C}.Debug|Any CPU.Build.0 = Debug|Any CPU
		{F89E094E-1B7E-424F-B808-C77AD2155B5C}.Debug|x64.ActiveCfg = Debug|Any CPU
		{F89E094E-1B7E-424F-B808-C77AD2155B5C}.Debug|x64.Build.0 = Debug|Any CPU
		{F89E094E-1B7E-424F-B808-C77AD2155B5C}.Debug|x86.ActiveCfg = Debug|Any CPU
		{F89E094E-1B7E-424F-B808-C77AD2155B5C}.Debug|x86.Build.0 = Debug|Any CPU
		{F89E094E-1B7E-424F-B808-C77AD2155B5C}.Release|Any CPU.ActiveCfg = Release|Any CPU
		{F89E094E-1B7E-424F-B808-C77AD2155B5C}.Release|Any CPU.Build.0 = Release|Any CPU
		{F89E094E-1B7E-424F-B808-C77AD2155B5C}.Release|x64.ActiveCfg = Release|Any CPU
		{F89E094E-1B7E-424F-B808-C77AD2155B5C}.Release|x64.Build.0 = Release|Any CPU
		{F89E094E-1B7E-424F-B808-C77AD2155B5C}.Release|x86.ActiveCfg = Release|Any CPU
		{F89E094E-1B7E-424F-B808-C77AD2155B5C}.Release|x86.Build.0 = Release|Any CPU
		{DE231F8A-35C7-4E6B-865C-2BA03E3835DF}.Debug|Any CPU.ActiveCfg = Debug|Any CPU
		{DE231F8A-35C7-4E6B-865C-2BA03E3835DF}.Debug|Any CPU.Build.0 = Debug|Any CPU
		{DE231F8A-35C7-4E6B-865C-2BA03E3835DF}.Debug|x64.ActiveCfg = Debug|Any CPU
		{DE231F8A-35C7-4E6B-865C-2BA03E3835DF}.Debug|x64.Build.0 = Debug|Any CPU
		{DE231F8A-35C7-4E6B-865C-2BA03E3835DF}.Debug|x86.ActiveCfg = Debug|Any CPU
		{DE231F8A-35C7-4E6B-865C-2BA03E3835DF}.Debug|x86.Build.0 = Debug|Any CPU
		{DE231F8A-35C7-4E6B-865C-2BA03E3835DF}.Release|Any CPU.ActiveCfg = Release|Any CPU
		{DE231F8A-35C7-4E6B-865C-2BA03E3835DF}.Release|Any CPU.Build.0 = Release|Any CPU
		{DE231F8A-35C7-4E6B-865C-2BA03E3835DF}.Release|x64.ActiveCfg = Release|Any CPU
		{DE231F8A-35C7-4E6B-865C-2BA03E3835DF}.Release|x64.Build.0 = Release|Any CPU
		{DE231F8A-35C7-4E6B-865C-2BA03E3835DF}.Release|x86.ActiveCfg = Release|Any CPU
		{DE231F8A-35C7-4E6B-865C-2BA03E3835DF}.Release|x86.Build.0 = Release|Any CPU
		{78C31057-70D3-4A97-AD85-12924A46A39B}.Debug|Any CPU.ActiveCfg = Debug|Any CPU
		{78C31057-70D3-4A97-AD85-12924A46A39B}.Debug|Any CPU.Build.0 = Debug|Any CPU
		{78C31057-70D3-4A97-AD85-12924A46A39B}.Debug|x64.ActiveCfg = Debug|x64
		{78C31057-70D3-4A97-AD85-12924A46A39B}.Debug|x64.Build.0 = Debug|x64
		{78C31057-70D3-4A97-AD85-12924A46A39B}.Debug|x86.ActiveCfg = Debug|x86
		{78C31057-70D3-4A97-AD85-12924A46A39B}.Debug|x86.Build.0 = Debug|x86
		{78C31057-70D3-4A97-AD85-12924A46A39B}.Release|Any CPU.ActiveCfg = Release|Any CPU
		{78C31057-70D3-4A97-AD85-12924A46A39B}.Release|Any CPU.Build.0 = Release|Any CPU
		{78C31057-70D3-4A97-AD85-12924A46A39B}.Release|x64.ActiveCfg = Release|x64
		{78C31057-70D3-4A97-AD85-12924A46A39B}.Release|x64.Build.0 = Release|x64
		{78C31057-70D3-4A97-AD85-12924A46A39B}.Release|x86.ActiveCfg = Release|x86
		{78C31057-70D3-4A97-AD85-12924A46A39B}.Release|x86.Build.0 = Release|x86
		{5FEF6C85-BE45-400A-8A1D-79051B337D79}.Debug|Any CPU.ActiveCfg = Debug|Any CPU
		{5FEF6C85-BE45-400A-8A1D-79051B337D79}.Debug|Any CPU.Build.0 = Debug|Any CPU
		{5FEF6C85-BE45-400A-8A1D-79051B337D79}.Debug|x64.ActiveCfg = Debug|Any CPU
		{5FEF6C85-BE45-400A-8A1D-79051B337D79}.Debug|x64.Build.0 = Debug|Any CPU
		{5FEF6C85-BE45-400A-8A1D-79051B337D79}.Debug|x86.ActiveCfg = Debug|Any CPU
		{5FEF6C85-BE45-400A-8A1D-79051B337D79}.Debug|x86.Build.0 = Debug|Any CPU
		{5FEF6C85-BE45-400A-8A1D-79051B337D79}.Release|Any CPU.ActiveCfg = Release|Any CPU
		{5FEF6C85-BE45-400A-8A1D-79051B337D79}.Release|Any CPU.Build.0 = Release|Any CPU
		{5FEF6C85-BE45-400A-8A1D-79051B337D79}.Release|x64.ActiveCfg = Release|Any CPU
		{5FEF6C85-BE45-400A-8A1D-79051B337D79}.Release|x64.Build.0 = Release|Any CPU
		{5FEF6C85-BE45-400A-8A1D-79051B337D79}.Release|x86.ActiveCfg = Release|Any CPU
		{5FEF6C85-BE45-400A-8A1D-79051B337D79}.Release|x86.Build.0 = Release|Any CPU
		{3BCABD0C-F452-4FCD-8CED-625160885D8D}.Debug|Any CPU.ActiveCfg = Debug|Any CPU
		{3BCABD0C-F452-4FCD-8CED-625160885D8D}.Debug|Any CPU.Build.0 = Debug|Any CPU
		{3BCABD0C-F452-4FCD-8CED-625160885D8D}.Debug|x64.ActiveCfg = Debug|Any CPU
		{3BCABD0C-F452-4FCD-8CED-625160885D8D}.Debug|x64.Build.0 = Debug|Any CPU
		{3BCABD0C-F452-4FCD-8CED-625160885D8D}.Debug|x86.ActiveCfg = Debug|Any CPU
		{3BCABD0C-F452-4FCD-8CED-625160885D8D}.Debug|x86.Build.0 = Debug|Any CPU
		{3BCABD0C-F452-4FCD-8CED-625160885D8D}.Release|Any CPU.ActiveCfg = Release|Any CPU
		{3BCABD0C-F452-4FCD-8CED-625160885D8D}.Release|Any CPU.Build.0 = Release|Any CPU
		{3BCABD0C-F452-4FCD-8CED-625160885D8D}.Release|x64.ActiveCfg = Release|Any CPU
		{3BCABD0C-F452-4FCD-8CED-625160885D8D}.Release|x64.Build.0 = Release|Any CPU
		{3BCABD0C-F452-4FCD-8CED-625160885D8D}.Release|x86.ActiveCfg = Release|Any CPU
		{3BCABD0C-F452-4FCD-8CED-625160885D8D}.Release|x86.Build.0 = Release|Any CPU
		{F2C96343-DC33-49E2-BE35-8A78E043185D}.Debug|Any CPU.ActiveCfg = Debug|Any CPU
		{F2C96343-DC33-49E2-BE35-8A78E043185D}.Debug|Any CPU.Build.0 = Debug|Any CPU
		{F2C96343-DC33-49E2-BE35-8A78E043185D}.Debug|x64.ActiveCfg = Debug|Any CPU
		{F2C96343-DC33-49E2-BE35-8A78E043185D}.Debug|x64.Build.0 = Debug|Any CPU
		{F2C96343-DC33-49E2-BE35-8A78E043185D}.Debug|x86.ActiveCfg = Debug|Any CPU
		{F2C96343-DC33-49E2-BE35-8A78E043185D}.Debug|x86.Build.0 = Debug|Any CPU
		{F2C96343-DC33-49E2-BE35-8A78E043185D}.Release|Any CPU.ActiveCfg = Release|Any CPU
		{F2C96343-DC33-49E2-BE35-8A78E043185D}.Release|Any CPU.Build.0 = Release|Any CPU
		{F2C96343-DC33-49E2-BE35-8A78E043185D}.Release|x64.ActiveCfg = Release|Any CPU
		{F2C96343-DC33-49E2-BE35-8A78E043185D}.Release|x64.Build.0 = Release|Any CPU
		{F2C96343-DC33-49E2-BE35-8A78E043185D}.Release|x86.ActiveCfg = Release|Any CPU
		{F2C96343-DC33-49E2-BE35-8A78E043185D}.Release|x86.Build.0 = Release|Any CPU
		{90CCF430-A327-4076-B1D3-7D332E4EC05C}.Debug|Any CPU.ActiveCfg = Debug|Any CPU
		{90CCF430-A327-4076-B1D3-7D332E4EC05C}.Debug|Any CPU.Build.0 = Debug|Any CPU
		{90CCF430-A327-4076-B1D3-7D332E4EC05C}.Debug|x64.ActiveCfg = Debug|Any CPU
		{90CCF430-A327-4076-B1D3-7D332E4EC05C}.Debug|x64.Build.0 = Debug|Any CPU
		{90CCF430-A327-4076-B1D3-7D332E4EC05C}.Debug|x86.ActiveCfg = Debug|Any CPU
		{90CCF430-A327-4076-B1D3-7D332E4EC05C}.Debug|x86.Build.0 = Debug|Any CPU
		{90CCF430-A327-4076-B1D3-7D332E4EC05C}.Release|Any CPU.ActiveCfg = Release|Any CPU
		{90CCF430-A327-4076-B1D3-7D332E4EC05C}.Release|Any CPU.Build.0 = Release|Any CPU
		{90CCF430-A327-4076-B1D3-7D332E4EC05C}.Release|x64.ActiveCfg = Release|Any CPU
		{90CCF430-A327-4076-B1D3-7D332E4EC05C}.Release|x64.Build.0 = Release|Any CPU
		{90CCF430-A327-4076-B1D3-7D332E4EC05C}.Release|x86.ActiveCfg = Release|Any CPU
		{90CCF430-A327-4076-B1D3-7D332E4EC05C}.Release|x86.Build.0 = Release|Any CPU
		{85EB3F0A-3E62-4C79-9E3D-46E29E8F31EE}.Debug|Any CPU.ActiveCfg = Debug|Any CPU
		{85EB3F0A-3E62-4C79-9E3D-46E29E8F31EE}.Debug|Any CPU.Build.0 = Debug|Any CPU
		{85EB3F0A-3E62-4C79-9E3D-46E29E8F31EE}.Debug|x64.ActiveCfg = Debug|Any CPU
		{85EB3F0A-3E62-4C79-9E3D-46E29E8F31EE}.Debug|x64.Build.0 = Debug|Any CPU
		{85EB3F0A-3E62-4C79-9E3D-46E29E8F31EE}.Debug|x86.ActiveCfg = Debug|Any CPU
		{85EB3F0A-3E62-4C79-9E3D-46E29E8F31EE}.Debug|x86.Build.0 = Debug|Any CPU
		{85EB3F0A-3E62-4C79-9E3D-46E29E8F31EE}.Release|Any CPU.ActiveCfg = Release|Any CPU
		{85EB3F0A-3E62-4C79-9E3D-46E29E8F31EE}.Release|Any CPU.Build.0 = Release|Any CPU
		{85EB3F0A-3E62-4C79-9E3D-46E29E8F31EE}.Release|x64.ActiveCfg = Release|Any CPU
		{85EB3F0A-3E62-4C79-9E3D-46E29E8F31EE}.Release|x64.Build.0 = Release|Any CPU
		{85EB3F0A-3E62-4C79-9E3D-46E29E8F31EE}.Release|x86.ActiveCfg = Release|Any CPU
		{85EB3F0A-3E62-4C79-9E3D-46E29E8F31EE}.Release|x86.Build.0 = Release|Any CPU
	EndGlobalSection
	GlobalSection(SolutionProperties) = preSolution
		HideSolutionNode = FALSE
	EndGlobalSection
	GlobalSection(NestedProjects) = preSolution
		{3BCABD0C-F452-4FCD-8CED-625160885D8D} = {95C03E10-F5B2-4F0E-A0E3-3FF58AA48DD1}
		{F2C96343-DC33-49E2-BE35-8A78E043185D} = {95C03E10-F5B2-4F0E-A0E3-3FF58AA48DD1}
	EndGlobalSection
	GlobalSection(ExtensibilityGlobals) = postSolution
		SolutionGuid = {E3B11683-5F1B-4CEA-980F-AA3474E2F33A}
	EndGlobalSection
EndGlobal
